
Microsoft Visual Studio Solution File, Format Version 12.00
# Visual Studio Version 16
VisualStudioVersion = 16.0.31129.286
MinimumVisualStudioVersion = 10.0.40219.1
Project("{FAE04EC0-301F-11D3-BF4B-00C04F79EFBC}") = "WingtipToysTutorial", "WingtipToysTutorial\WingtipToysTutorial.csproj", "{DD7FE076-CF12-454D-A7EF-98727A3FCF28}"
EndProject
Global
	GlobalSection(SolutionConfigurationPlatforms) = preSolution
		Debug|Any CPU = Debug|Any CPU
		Release|Any CPU = Release|Any CPU
	EndGlobalSection
	GlobalSection(ProjectConfigurationPlatforms) = postSolution
		{DD7FE076-CF12-454D-A7EF-98727A3FCF28}.Debug|Any CPU.ActiveCfg = Debug|Any CPU
		{DD7FE076-CF12-454D-A7EF-98727A3FCF28}.Debug|Any CPU.Build.0 = Debug|Any CPU
		{DD7FE076-CF12-454D-A7EF-98727A3FCF28}.Release|Any CPU.ActiveCfg = Release|Any CPU
		{DD7FE076-CF12-454D-A7EF-98727A3FCF28}.Release|Any CPU.Build.0 = Release|Any CPU
	EndGlobalSection
	GlobalSection(SolutionProperties) = preSolution
		HideSolutionNode = FALSE
	EndGlobalSection
	GlobalSection(ExtensibilityGlobals) = postSolution
		SolutionGuid = {636DBAFF-6935-4DB4-AA40-AF1609A694D4}
	EndGlobalSection
EndGlobal
